
Microsoft Visual Studio Solution File, Format Version 12.00
# Visual Studio Version 17
VisualStudioVersion = 17.8.34525.116
MinimumVisualStudioVersion = 10.0.40219.1
Project("{FAE04EC0-301F-11D3-BF4B-00C04F79EFBC}") = "WhileForeach", "WhileForeach.csproj", "{1C5D7F38-1798-45BF-87B3-7CCEB75EC29E}"
EndProject
Global
	GlobalSection(SolutionConfigurationPlatforms) = preSolution
		Debug|Any CPU = Debug|Any CPU
		Release|Any CPU = Release|Any CPU
	EndGlobalSection
	GlobalSection(ProjectConfigurationPlatforms) = postSolution
		{1C5D7F38-1798-45BF-87B3-7CCEB75EC29E}.Debug|Any CPU.ActiveCfg = Debug|Any CPU
		{1C5D7F38-1798-45BF-87B3-7CCEB75EC29E}.Debug|Any CPU.Build.0 = Debug|Any CPU
		{1C5D7F38-1798-45BF-87B3-7CCEB75EC29E}.Release|Any CPU.ActiveCfg = Release|Any CPU
		{1C5D7F38-1798-45BF-87B3-7CCEB75EC29E}.Release|Any CPU.Build.0 = Release|Any CPU
	EndGlobalSection
	GlobalSection(SolutionProperties) = preSolution
		HideSolutionNode = FALSE
	EndGlobalSection
	GlobalSection(ExtensibilityGlobals) = postSolution
		SolutionGuid = {D2217F54-CCD8-4C71-9D64-E3B3D7D08CCD}
	EndGlobalSection
EndGlobal
